
Microsoft Visual Studio Solution File, Format Version 12.00
# Visual Studio Version 16
VisualStudioVersion = 16.0.30907.101
MinimumVisualStudioVersion = 10.0.40219.1
Project("{FAE04EC0-301F-11D3-BF4B-00C04F79EFBC}") = "Serum Microphone", "Serum Microphone\Serum Microphone.csproj", "{3DD594D7-FAD1-4922-B99F-E15F9FF7DA00}"
EndProject
Global
	GlobalSection(SolutionConfigurationPlatforms) = preSolution
		Debug|Any CPU = Debug|Any CPU
		Release|Any CPU = Release|Any CPU
	EndGlobalSection
	GlobalSection(ProjectConfigurationPlatforms) = postSolution
		{3DD594D7-FAD1-4922-B99F-E15F9FF7DA00}.Debug|Any CPU.ActiveCfg = Debug|Any CPU
		{3DD594D7-FAD1-4922-B99F-E15F9FF7DA00}.Debug|Any CPU.Build.0 = Debug|Any CPU
		{3DD594D7-FAD1-4922-B99F-E15F9FF7DA00}.Release|Any CPU.ActiveCfg = Release|Any CPU
		{3DD594D7-FAD1-4922-B99F-E15F9FF7DA00}.Release|Any CPU.Build.0 = Release|Any CPU
	EndGlobalSection
	GlobalSection(SolutionProperties) = preSolution
		HideSolutionNode = FALSE
	EndGlobalSection
	GlobalSection(ExtensibilityGlobals) = postSolution
		SolutionGuid = {D0A2A9BE-935D-45C0-88BB-8BFB5BB17074}
	EndGlobalSection
EndGlobal
